
Microsoft Visual Studio Solution File, Format Version 12.00
# Visual Studio Version 16
VisualStudioVersion = 16.0.29215.179
MinimumVisualStudioVersion = 10.0.40219.1
Project("{FAE04EC0-301F-11D3-BF4B-00C04F79EFBC}") = "GruppeInnlevering1", "GruppeInnlevering1\GruppeInnlevering1.csproj", "{F20D5633-438F-4456-AF40-4A427B66567A}"
EndProject
Global
	GlobalSection(SolutionConfigurationPlatforms) = preSolution
		Debug|Any CPU = Debug|Any CPU
		Release|Any CPU = Release|Any CPU
	EndGlobalSection
	GlobalSection(ProjectConfigurationPlatforms) = postSolution
		{F20D5633-438F-4456-AF40-4A427B66567A}.Debug|Any CPU.ActiveCfg = Debug|Any CPU
		{F20D5633-438F-4456-AF40-4A427B66567A}.Debug|Any CPU.Build.0 = Debug|Any CPU
		{F20D5633-438F-4456-AF40-4A427B66567A}.Release|Any CPU.ActiveCfg = Release|Any CPU
		{F20D5633-438F-4456-AF40-4A427B66567A}.Release|Any CPU.Build.0 = Release|Any CPU
	EndGlobalSection
	GlobalSection(SolutionProperties) = preSolution
		HideSolutionNode = FALSE
	EndGlobalSection
	GlobalSection(ExtensibilityGlobals) = postSolution
		SolutionGuid = {86E0699B-80B9-4692-B259-2C40D1B0AA66}
	EndGlobalSection
EndGlobal
